// !$*UTF8*$!
{
	archiveVersion = 1;
	classes = {
	};
	objectVersion = 46;
	objects = {

/* Begin PBXBuildFile section */
		BADF6B481E7FEF3A00FA9DC4 /* AppDelegate.swift in Sources */ = {isa = PBXBuildFile; fileRef = BADF6B471E7FEF3A00FA9DC4 /* AppDelegate.swift */; };
		BADF6B4A1E7FEF3A00FA9DC4 /* ViewController.swift in Sources */ = {isa = PBXBuildFile; fileRef = BADF6B491E7FEF3A00FA9DC4 /* ViewController.swift */; };
		BADF6B4D1E7FEF3A00FA9DC4 /* Main.storyboard in Resources */ = {isa = PBXBuildFile; fileRef = BADF6B4B1E7FEF3A00FA9DC4 /* Main.storyboard */; };
		BADF6B4F1E7FEF3A00FA9DC4 /* Assets.xcassets in Resources */ = {isa = PBXBuildFile; fileRef = BADF6B4E1E7FEF3A00FA9DC4 /* Assets.xcassets */; };
		BADF6B521E7FEF3A00FA9DC4 /* LaunchScreen.storyboard in Resources */ = {isa = PBXBuildFile; fileRef = BADF6B501E7FEF3A00FA9DC4 /* LaunchScreen.storyboard */; };
		BADF6B5D1E7FEF3A00FA9DC4 /* TestOne1Tests.swift in Sources */ = {isa = PBXBuildFile; fileRef = BADF6B5C1E7FEF3A00FA9DC4 /* TestOne1Tests.swift */; };
/* End PBXBuildFile section */

/* Begin PBXContainerItemProxy section */
		BADF6B591E7FEF3A00FA9DC4 /* PBXContainerItemProxy */ = {
			isa = PBXContainerItemProxy;
			containerPortal = BADF6B3C1E7FEF3A00FA9DC4 /* Project object */;
			proxyType = 1;
			remoteGlobalIDString = BADF6B431E7FEF3A00FA9DC4;
			remoteInfo = TestOne1;
		};
/* End PBXContainerItemProxy section */

/* Begin PBXFileReference section */
		BADF6B441E7FEF3A00FA9DC4 /* TestOne1.app */ = {isa = PBXFileReference; explicitFileType = wrapper.application; includeInIndex = 0; path = TestOne1.app; sourceTree = BUILT_PRODUCTS_DIR; };
		BADF6B471E7FEF3A00FA9DC4 /* AppDelegate.swift */ = {isa = PBXFileReference; lastKnownFileType = sourcecode.swift; path = AppDelegate.swift; sourceTree = "<group>"; };
		BADF6B491E7FEF3A00FA9DC4 /* ViewController.swift */ = {isa = PBXFileReference; lastKnownFileType = sourcecode.swift; path = ViewController.swift; sourceTree = "<group>"; };
		BADF6B4C1E7FEF3A00FA9DC4 /* Base */ = {isa = PBXFileReference; lastKnownFileType = file.storyboard; name = Base; path = Base.lproj/Main.storyboard; sourceTree = "<group>"; };
		BADF6B4E1E7FEF3A00FA9DC4 /* Assets.xcassets */ = {isa = PBXFileReference; lastKnownFileType = folder.assetcatalog; path = Assets.xcassets; sourceTree = "<group>"; };
		BADF6B511E7FEF3A00FA9DC4 /* Base */ = {isa = PBXFileReference; lastKnownFileType = file.storyboard; name = Base; path = Base.lproj/LaunchScreen.storyboard; sourceTree = "<group>"; };
		BADF6B531E7FEF3A00FA9DC4 /* Info.plist */ = {isa = PBXFileReference; lastKnownFileType = text.plist.xml; path = Info.plist; sourceTree = "<group>"; };
		BADF6B581E7FEF3A00FA9DC4 /* TestOne1Tests.xctest */ = {isa = PBXFileReference; explicitFileType = wrapper.cfbundle; includeInIndex = 0; path = TestOne1Tests.xctest; sourceTree = BUILT_PRODUCTS_DIR; };
		BADF6B5C1E7FEF3A00FA9DC4 /* TestOne1Tests.swift */ = {isa = PBXFileReference; lastKnownFileType = sourcecode.swift; path = TestOne1Tests.swift; sourceTree = "<group>"; };
		BADF6B5E1E7FEF3A00FA9DC4 /* Info.plist */ = {isa = PBXFileReference; lastKnownFileType = text.plist.xml; path = Info.plist; sourceTree = "<group>"; };
/* End PBXFileReference section */

/* Begin PBXFrameworksBuildPhase section */
		BADF6B411E7FEF3A00FA9DC4 /* Frameworks */ = {
			isa = PBXFrameworksBuildPhase;
			buildActionMask = 2147483647;
			files = (
			);
			runOnlyForDeploymentPostprocessing = 0;
		};
		BADF6B551E7FEF3A00FA9DC4 /* Frameworks */ = {
			isa = PBXFrameworksBuildPhase;
			buildActionMask = 2147483647;
			files = (
			);
			runOnlyForDeploymentPostprocessing = 0;
		};
/* End PBXFrameworksBuildPhase section */

/* Begin PBXGroup section */
		BADF6B3B1E7FEF3A00FA9DC4 = {
			isa = PBXGroup;
			children = (
				BADF6B461E7FEF3A00FA9DC4 /* TestOne1 */,
				BADF6B5B1E7FEF3A00FA9DC4 /* TestOne1Tests */,
				BADF6B451E7FEF3A00FA9DC4 /* Products */,
			);
			sourceTree = "<group>";
		};
		BADF6B451E7FEF3A00FA9DC4 /* Products */ = {
			isa = PBXGroup;
			children = (
				BADF6B441E7FEF3A00FA9DC4 /* TestOne1.app */,
				BADF6B581E7FEF3A00FA9DC4 /* TestOne1Tests.xctest */,
			);
			name = Products;
			sourceTree = "<group>";
		};
		BADF6B461E7FEF3A00FA9DC4 /* TestOne1 */ = {
			isa = PBXGroup;
			children = (
				BADF6B471E7FEF3A00FA9DC4 /* AppDelegate.swift */,
				BADF6B491E7FEF3A00FA9DC4 /* ViewController.swift */,
				BADF6B4B1E7FEF3A00FA9DC4 /* Main.storyboard */,
				BADF6B4E1E7FEF3A00FA9DC4 /* Assets.xcassets */,
				BADF6B501E7FEF3A00FA9DC4 /* LaunchScreen.storyboard */,
				BADF6B531E7FEF3A00FA9DC4 /* Info.plist */,
			);
			path = TestOne1;
			sourceTree = "<group>";
		};
		BADF6B5B1E7FEF3A00FA9DC4 /* TestOne1Tests */ = {
			isa = PBXGroup;
			children = (
				BADF6B5C1E7FEF3A00FA9DC4 /* TestOne1Tests.swift */,
				BADF6B5E1E7FEF3A00FA9DC4 /* Info.plist */,
			);
			path = TestOne1Tests;
			sourceTree = "<group>";
		};
/* End PBXGroup section */

/* Begin PBXNativeTarget section */
		BADF6B431E7FEF3A00FA9DC4 /* TestOne1 */ = {
			isa = PBXNativeTarget;
			buildConfigurationList = BADF6B611E7FEF3A00FA9DC4 /* Build configuration list for PBXNativeTarget "TestOne1" */;
			buildPhases = (
				BADF6B401E7FEF3A00FA9DC4 /* Sources */,
				BADF6B411E7FEF3A00FA9DC4 /* Frameworks */,
				BADF6B421E7FEF3A00FA9DC4 /* Resources */,
			);
			buildRules = (
			);
			dependencies = (
			);
			name = TestOne1;
			productName = TestOne1;
			productReference = BADF6B441E7FEF3A00FA9DC4 /* TestOne1.app */;
			productType = "com.apple.product-type.application";
		};
		BADF6B571E7FEF3A00FA9DC4 /* TestOne1Tests */ = {
			isa = PBXNativeTarget;
			buildConfigurationList = BADF6B641E7FEF3A00FA9DC4 /* Build configuration list for PBXNativeTarget "TestOne1Tests" */;
			buildPhases = (
				BADF6B541E7FEF3A00FA9DC4 /* Sources */,
				BADF6B551E7FEF3A00FA9DC4 /* Frameworks */,
				BADF6B561E7FEF3A00FA9DC4 /* Resources */,
			);
			buildRules = (
			);
			dependencies = (
				BADF6B5A1E7FEF3A00FA9DC4 /* PBXTargetDependency */,
			);
			name = TestOne1Tests;
			productName = TestOne1Tests;
			productReference = BADF6B581E7FEF3A00FA9DC4 /* TestOne1Tests.xctest */;
			productType = "com.apple.product-type.bundle.unit-test";
		};
/* End PBXNativeTarget section */

/* Begin PBXProject section */
		BADF6B3C1E7FEF3A00FA9DC4 /* Project object */ = {
			isa = PBXProject;
			attributes = {
				LastSwiftUpdateCheck = 0810;
				LastUpgradeCheck = 0810;
				ORGANIZATIONNAME = Foucaud;
				TargetAttributes = {
					BADF6B431E7FEF3A00FA9DC4 = {
						CreatedOnToolsVersion = 8.1;
						DevelopmentTeam = VVTL8XS3GF;
						ProvisioningStyle = Automatic;
					};
					BADF6B571E7FEF3A00FA9DC4 = {
						CreatedOnToolsVersion = 8.1;
						DevelopmentTeam = VVTL8XS3GF;
						ProvisioningStyle = Automatic;
						TestTargetID = BADF6B431E7FEF3A00FA9DC4;
					};
				};
			};
			buildConfigurationList = BADF6B3F1E7FEF3A00FA9DC4 /* Build configuration list for PBXProject "TestOne1" */;
			compatibilityVersion = "Xcode 3.2";
			developmentRegion = English;
			hasScannedForEncodings = 0;
			knownRegions = (
				en,
				Base,
			);
			mainGroup = BADF6B3B1E7FEF3A00FA9DC4;
			productRefGroup = BADF6B451E7FEF3A00FA9DC4 /* Products */;
			projectDirPath = "";
			projectRoot = "";
			targets = (
				BADF6B431E7FEF3A00FA9DC4 /* TestOne1 */,
				BADF6B571E7FEF3A00FA9DC4 /* TestOne1Tests */,
			);
		};
/* End PBXProject section */

/* Begin PBXResourcesBuildPhase section */
		BADF6B421E7FEF3A00FA9DC4 /* Resources */ = {
			isa = PBXResourcesBuildPhase;
			buildActionMask = 2147483647;
			files = (
				BADF6B521E7FEF3A00FA9DC4 /* LaunchScreen.storyboard in Resources */,
				BADF6B4F1E7FEF3A00FA9DC4 /* Assets.xcassets in Resources */,
				BADF6B4D1E7FEF3A00FA9DC4 /* Main.storyboard in Resources */,
			);
			runOnlyForDeploymentPostprocessing = 0;
		};
		BADF6B561E7FEF3A00FA9DC4 /* Resources */ = {
			isa = PBXResourcesBuildPhase;
			buildActionMask = 2147483647;
			files = (
			);
			runOnlyForDeploymentPostprocessing = 0;
		};
/* End PBXResourcesBuildPhase section */

/* Begin PBXSourcesBuildPhase section */
		BADF6B401E7FEF3A00FA9DC4 /* Sources */ = {
			isa = PBXSourcesBuildPhase;
			buildActionMask = 2147483647;
			files = (
				BADF6B4A1E7FEF3A00FA9DC4 /* ViewController.swift in Sources */,
				BADF6B481E7FEF3A00FA9DC4 /* AppDelegate.swift in Sources */,
			);
			runOnlyForDeploymentPostprocessing = 0;
		};
		BADF6B541E7FEF3A00FA9DC4 /* Sources */ = {
			isa = PBXSourcesBuildPhase;
			buildActionMask = 2147483647;
			files = (
				BADF6B5D1E7FEF3A00FA9DC4 /* TestOne1Tests.swift in Sources */,
			);
			runOnlyForDeploymentPostprocessing = 0;
		};
/* End PBXSourcesBuildPhase section */

/* Begin PBXTargetDependency section */
		BADF6B5A1E7FEF3A00FA9DC4 /* PBXTargetDependency */ = {
			isa = PBXTargetDependency;
			target = BADF6B431E7FEF3A00FA9DC4 /* TestOne1 */;
			targetProxy = BADF6B591E7FEF3A00FA9DC4 /* PBXContainerItemProxy */;
		};
/* End PBXTargetDependency section */

/* Begin PBXVariantGroup section */
		BADF6B4B1E7FEF3A00FA9DC4 /* Main.storyboard */ = {
			isa = PBXVariantGroup;
			children = (
				BADF6B4C1E7FEF3A00FA9DC4 /* Base */,
			);
			name = Main.storyboard;
			sourceTree = "<group>";
		};
		BADF6B501E7FEF3A00FA9DC4 /* LaunchScreen.storyboard */ = {
			isa = PBXVariantGroup;
			children = (
				BADF6B511E7FEF3A00FA9DC4 /* Base */,
			);
			name = LaunchScreen.storyboard;
			sourceTree = "<group>";
		};
/* End PBXVariantGroup section */

/* Begin XCBuildConfiguration section */
		BADF6B5F1E7FEF3A00FA9DC4 /* Debug */ = {
			isa = XCBuildConfiguration;
			buildSettings = {
				ALWAYS_SEARCH_USER_PATHS = NO;
				CLANG_ANALYZER_NONNULL = YES;
				CLANG_CXX_LANGUAGE_STANDARD = "gnu++0x";
				CLANG_CXX_LIBRARY = "libc++";
				CLANG_ENABLE_MODULES = YES;
				CLANG_ENABLE_OBJC_ARC = YES;
				CLANG_WARN_BOOL_CONVERSION = YES;
				CLANG_WARN_CONSTANT_CONVERSION = YES;
				CLANG_WARN_DIRECT_OBJC_ISA_USAGE = YES_ERROR;
				CLANG_WARN_DOCUMENTATION_COMMENTS = YES;
				CLANG_WARN_EMPTY_BODY = YES;
				CLANG_WARN_ENUM_CONVERSION = YES;
				CLANG_WARN_INFINITE_RECURSION = YES;
				CLANG_WARN_INT_CONVERSION = YES;
				CLANG_WARN_OBJC_ROOT_CLASS = YES_ERROR;
				CLANG_WARN_SUSPICIOUS_MOVES = YES;
				CLANG_WARN_UNREACHABLE_CODE = YES;
				CLANG_WARN__DUPLICATE_METHOD_MATCH = YES;
				"CODE_SIGN_IDENTITY[sdk=iphoneos*]" = "iPhone Developer";
				COPY_PHASE_STRIP = NO;
				DEBUG_INFORMATION_FORMAT = dwarf;
				ENABLE_STRICT_OBJC_MSGSEND = YES;
				ENABLE_TESTABILITY = YES;
				GCC_C_LANGUAGE_STANDARD = gnu99;
				GCC_DYNAMIC_NO_PIC = NO;
				GCC_NO_COMMON_BLOCKS = YES;
				GCC_OPTIMIZATION_LEVEL = 0;
				GCC_PREPROCESSOR_DEFINITIONS = (
					"DEBUG=1",
					"$(inherited)",
				);
				GCC_WARN_64_TO_32_BIT_CONVERSION = YES;
				GCC_WARN_ABOUT_RETURN_TYPE = YES_ERROR;
				GCC_WARN_UNDECLARED_SELECTOR = YES;
				GCC_WARN_UNINITIALIZED_AUTOS = YES_AGGRESSIVE;
				GCC_WARN_UNUSED_FUNCTION = YES;
				GCC_WARN_UNUSED_VARIABLE = YES;
				IPHONEOS_DEPLOYMENT_TARGET = 10.1;
				MTL_ENABLE_DEBUG_INFO = YES;
				ONLY_ACTIVE_ARCH = YES;
				SDKROOT = iphoneos;
				SWIFT_ACTIVE_COMPILATION_CONDITIONS = DEBUG;
				SWIFT_OPTIMIZATION_LEVEL = "-Onone";
				TARGETED_DEVICE_FAMILY = "1,2";
			};
			name = Debug;
		};
		BADF6B601E7FEF3A00FA9DC4 /* Release */ = {
			isa = XCBuildConfiguration;
			buildSettings = {
				ALWAYS_SEARCH_USER_PATHS = NO;
				CLANG_ANALYZER_NONNULL = YES;
				CLANG_CXX_LANGUAGE_STANDARD = "gnu++0x";
				CLANG_CXX_LIBRARY = "libc++";
				CLANG_ENABLE_MODULES = YES;
				CLANG_ENABLE_OBJC_ARC = YES;
				CLANG_WARN_BOOL_CONVERSION = YES;
				CLANG_WARN_CONSTANT_CONVERSION = YES;
				CLANG_WARN_DIRECT_OBJC_ISA_USAGE = YES_ERROR;
				CLANG_WARN_DOCUMENTATION_COMMENTS = YES;
				CLANG_WARN_EMPTY_BODY = YES;
				CLANG_WARN_ENUM_CONVERSION = YES;
				CLANG_WARN_INFINITE_RECURSION = YES;
				CLANG_WARN_INT_CONVERSION = YES;
				CLANG_WARN_OBJC_ROOT_CLASS = YES_ERROR;
				CLANG_WARN_SUSPICIOUS_MOVES = YES;
				CLANG_WARN_UNREACHABLE_CODE = YES;
				CLANG_WARN__DUPLICATE_METHOD_MATCH = YES;
				"CODE_SIGN_IDENTITY[sdk=iphoneos*]" = "iPhone Developer";
				COPY_PHASE_STRIP = NO;
				DEBUG_INFORMATION_FORMAT = "dwarf-with-dsym";
				ENABLE_NS_ASSERTIONS = NO;
				ENABLE_STRICT_OBJC_MSGSEND = YES;
				GCC_C_LANGUAGE_STANDARD = gnu99;
				GCC_NO_COMMON_BLOCKS = YES;
				GCC_WARN_64_TO_32_BIT_CONVERSION = YES;
				GCC_WARN_ABOUT_RETURN_TYPE = YES_ERROR;
				GCC_WARN_UNDECLARED_SELECTOR = YES;
				GCC_WARN_UNINITIALIZED_AUTOS = YES_AGGRESSIVE;
				GCC_WARN_UNUSED_FUNCTION = YES;
				GCC_WARN_UNUSED_VARIABLE = YES;
				IPHONEOS_DEPLOYMENT_TARGET = 10.1;
				MTL_ENABLE_DEBUG_INFO = NO;
				SDKROOT = iphoneos;
				SWIFT_OPTIMIZATION_LEVEL = "-Owholemodule";
				TARGETED_DEVICE_FAMILY = "1,2";
				VALIDATE_PRODUCT = YES;
			};
			name = Release;
		};
		BADF6B621E7FEF3A00FA9DC4 /* Debug */ = {
			isa = XCBuildConfiguration;
			buildSettings = {
				ASSETCATALOG_COMPILER_APPICON_NAME = AppIcon;
				DEVELOPMENT_TEAM = VVTL8XS3GF;
				INFOPLIST_FILE = TestOne1/Info.plist;
				LD_RUNPATH_SEARCH_PATHS = "$(inherited) @executable_path/Frameworks";
				PRODUCT_BUNDLE_IDENTIFIER = com.iim.TestOne1;
				PRODUCT_NAME = "$(TARGET_NAME)";
				SWIFT_VERSION = 3.0;
			};
			name = Debug;
		};
		BADF6B631E7FEF3A00FA9DC4 /* Release */ = {
			isa = XCBuildConfiguration;
			buildSettings = {
				ASSETCATALOG_COMPILER_APPICON_NAME = AppIcon;
				DEVELOPMENT_TEAM = VVTL8XS3GF;
				INFOPLIST_FILE = TestOne1/Info.plist;
				LD_RUNPATH_SEARCH_PATHS = "$(inherited) @executable_path/Frameworks";
				PRODUCT_BUNDLE_IDENTIFIER = com.iim.TestOne1;
				PRODUCT_NAME = "$(TARGET_NAME)";
				SWIFT_VERSION = 3.0;
			};
			name = Release;
		};
		BADF6B651E7FEF3A00FA9DC4 /* Debug */ = {
			isa = XCBuildConfiguration;
			buildSettings = {
				ALWAYS_EMBED_SWIFT_STANDARD_LIBRARIES = YES;
				BUNDLE_LOADER = "$(TEST_HOST)";
				DEVELOPMENT_TEAM = VVTL8XS3GF;
				INFOPLIST_FILE = TestOne1Tests/Info.plist;
				LD_RUNPATH_SEARCH_PATHS = "$(inherited) @executable_path/Frameworks @loader_path/Frameworks";
				PRODUCT_BUNDLE_IDENTIFIER = com.iim.TestOne1Tests;
				PRODUCT_NAME = "$(TARGET_NAME)";
				SWIFT_VERSION = 3.0;
				TEST_HOST = "$(BUILT_PRODUCTS_DIR)/TestOne1.app/TestOne1";
			};
			name = Debug;
		};
		BADF6B661E7FEF3A00FA9DC4 /* Release */ = {
			isa = XCBuildConfiguration;
			buildSettings = {
				ALWAYS_EMBED_SWIFT_STANDARD_LIBRARIES = YES;
				BUNDLE_LOADER = "$(TEST_HOST)";
				DEVELOPMENT_TEAM = VVTL8XS3GF;
				INFOPLIST_FILE = TestOne1Tests/Info.plist;
				LD_RUNPATH_SEARCH_PATHS = "$(inherited) @executable_path/Frameworks @loader_path/Frameworks";
				PRODUCT_BUNDLE_IDENTIFIER = com.iim.TestOne1Tests;
				PRODUCT_NAME = "$(TARGET_NAME)";
				SWIFT_VERSION = 3.0;
				TEST_HOST = "$(BUILT_PRODUCTS_DIR)/TestOne1.app/TestOne1";
			};
			name = Release;
		};
/* End XCBuildConfiguration section */

/* Begin XCConfigurationList section */
		BADF6B3F1E7FEF3A00FA9DC4 /* Build configuration list for PBXProject "TestOne1" */ = {
			isa = XCConfigurationList;
			buildConfigurations = (
				BADF6B5F1E7FEF3A00FA9DC4 /* Debug */,
				BADF6B601E7FEF3A00FA9DC4 /* Release */,
			);
			defaultConfigurationIsVisible = 0;
			defaultConfigurationName = Release;
		};
		BADF6B611E7FEF3A00FA9DC4 /* Build configuration list for PBXNativeTarget "TestOne1" */ = {
			isa = XCConfigurationList;
			buildConfigurations = (
				BADF6B621E7FEF3A00FA9DC4 /* Debug */,
				BADF6B631E7FEF3A00FA9DC4 /* Release */,
			);
			defaultConfigurationIsVisible = 0;
		};
		BADF6B641E7FEF3A00FA9DC4 /* Build configuration list for PBXNativeTarget "TestOne1Tests" */ = {
			isa = XCConfigurationList;
			buildConfigurations = (
				BADF6B651E7FEF3A00FA9DC4 /* Debug */,
				BADF6B661E7FEF3A00FA9DC4 /* Release */,
			);
			defaultConfigurationIsVisible = 0;
		};
/* End XCConfigurationList section */
	};
	rootObject = BADF6B3C1E7FEF3A00FA9DC4 /* Project object */;
}
